// !$*UTF8*$!
{
	archiveVersion = 1;
	classes = {
	};
	objectVersion = 48;
	objects = {

/* Begin PBXBuildFile section */
		C35C086B20624FCC00C31866 /* FGWebImage.swift in Sources */ = {isa = PBXBuildFile; fileRef = C35C086A20624FCC00C31866 /* FGWebImage.swift */; };
		C35C086E2062505700C31866 /* Maker.swift in Sources */ = {isa = PBXBuildFile; fileRef = C35C086C2062505700C31866 /* Maker.swift */; };
		C35C086F2062505700C31866 /* ImageCropView.swift in Sources */ = {isa = PBXBuildFile; fileRef = C35C086D2062505700C31866 /* ImageCropView.swift */; };
		C35C0871206253E100C31866 /* skate.jpg in Resources */ = {isa = PBXBuildFile; fileRef = C35C0870206253E100C31866 /* skate.jpg */; };
		C3A65803201B04E4009FCA6D /* AppDelegate.swift in Sources */ = {isa = PBXBuildFile; fileRef = C3A65802201B04E4009FCA6D /* AppDelegate.swift */; };
		C3A65805201B04E4009FCA6D /* ViewController.swift in Sources */ = {isa = PBXBuildFile; fileRef = C3A65804201B04E4009FCA6D /* ViewController.swift */; };
		C3A65808201B04E4009FCA6D /* Main.storyboard in Resources */ = {isa = PBXBuildFile; fileRef = C3A65806201B04E4009FCA6D /* Main.storyboard */; };
		C3A6580A201B04E4009FCA6D /* Assets.xcassets in Resources */ = {isa = PBXBuildFile; fileRef = C3A65809201B04E4009FCA6D /* Assets.xcassets */; };
		C3A6580D201B04E4009FCA6D /* LaunchScreen.storyboard in Resources */ = {isa = PBXBuildFile; fileRef = C3A6580B201B04E4009FCA6D /* LaunchScreen.storyboard */; };
		C3A65817201B051B009FCA6D /* Timer+Block.swift in Sources */ = {isa = PBXBuildFile; fileRef = C3A65815201B051B009FCA6D /* Timer+Block.swift */; };
		C3A65818201B051B009FCA6D /* UIControl+Action.swift in Sources */ = {isa = PBXBuildFile; fileRef = C3A65816201B051B009FCA6D /* UIControl+Action.swift */; };
		C3A6581C201B05E3009FCA6D /* Date+Format.swift in Sources */ = {isa = PBXBuildFile; fileRef = C3A6581B201B05E3009FCA6D /* Date+Format.swift */; };
		C3A6581E201B06B2009FCA6D /* UIColor+Hex.swift in Sources */ = {isa = PBXBuildFile; fileRef = C3A6581D201B06B2009FCA6D /* UIColor+Hex.swift */; };
		C3A65820201B0A77009FCA6D /* UIImage+Circle.swift in Sources */ = {isa = PBXBuildFile; fileRef = C3A6581F201B0A77009FCA6D /* UIImage+Circle.swift */; };
		C3A65822201B0CCB009FCA6D /* UIView+Action.swift in Sources */ = {isa = PBXBuildFile; fileRef = C3A65821201B0CCB009FCA6D /* UIView+Action.swift */; };
		C3A65824201B0F88009FCA6D /* String+Chinese.swift in Sources */ = {isa = PBXBuildFile; fileRef = C3A65823201B0F88009FCA6D /* String+Chinese.swift */; };
		C3A65826201B1A1E009FCA6D /* DemoViewController.swift in Sources */ = {isa = PBXBuildFile; fileRef = C3A65825201B1A1E009FCA6D /* DemoViewController.swift */; };
		C3A65829201B2257009FCA6D /* test.png in Resources */ = {isa = PBXBuildFile; fileRef = C3A65828201B2257009FCA6D /* test.png */; };
		C3A6582B201B2398009FCA6D /* UIImage+Arrow.swift in Sources */ = {isa = PBXBuildFile; fileRef = C3A6582A201B2398009FCA6D /* UIImage+Arrow.swift */; };
		C3A6582D201B2927009FCA6D /* test2.jpg in Resources */ = {isa = PBXBuildFile; fileRef = C3A6582C201B2927009FCA6D /* test2.jpg */; };
		C3D08F8A2133DEE3009B1196 /* UITextFiled+ToolBar.swift in Sources */ = {isa = PBXBuildFile; fileRef = C3D08F892133DEE3009B1196 /* UITextFiled+ToolBar.swift */; };
		DCEAB001ED3D2F5750786169 /* Pods_FGToolKit.framework in Frameworks */ = {isa = PBXBuildFile; fileRef = 446B0A53B10AD54ECB765500 /* Pods_FGToolKit.framework */; };
/* End PBXBuildFile section */

/* Begin PBXFileReference section */
		446B0A53B10AD54ECB765500 /* Pods_FGToolKit.framework */ = {isa = PBXFileReference; explicitFileType = wrapper.framework; includeInIndex = 0; path = Pods_FGToolKit.framework; sourceTree = BUILT_PRODUCTS_DIR; };
		79AA4D58EC8474092A7AC2B5 /* Pods-FGToolKit.release.xcconfig */ = {isa = PBXFileReference; includeInIndex = 1; lastKnownFileType = text.xcconfig; name = "Pods-FGToolKit.release.xcconfig"; path = "Pods/Target Support Files/Pods-FGToolKit/Pods-FGToolKit.release.xcconfig"; sourceTree = "<group>"; };
		C35C086A20624FCC00C31866 /* FGWebImage.swift */ = {isa = PBXFileReference; fileEncoding = 4; lastKnownFileType = sourcecode.swift; path = FGWebImage.swift; sourceTree = "<group>"; };
		C35C086C2062505700C31866 /* Maker.swift */ = {isa = PBXFileReference; fileEncoding = 4; lastKnownFileType = sourcecode.swift; path = Maker.swift; sourceTree = "<group>"; };
		C35C086D2062505700C31866 /* ImageCropView.swift */ = {isa = PBXFileReference; fileEncoding = 4; lastKnownFileType = sourcecode.swift; path = ImageCropView.swift; sourceTree = "<group>"; };
		C35C0870206253E100C31866 /* skate.jpg */ = {isa = PBXFileReference; lastKnownFileType = image.jpeg; path = skate.jpg; sourceTree = "<group>"; };
		C3A657FF201B04E4009FCA6D /* FGToolKit.app */ = {isa = PBXFileReference; explicitFileType = wrapper.application; includeInIndex = 0; path = FGToolKit.app; sourceTree = BUILT_PRODUCTS_DIR; };
		C3A65802201B04E4009FCA6D /* AppDelegate.swift */ = {isa = PBXFileReference; lastKnownFileType = sourcecode.swift; path = AppDelegate.swift; sourceTree = "<group>"; };
		C3A65804201B04E4009FCA6D /* ViewController.swift */ = {isa = PBXFileReference; lastKnownFileType = sourcecode.swift; path = ViewController.swift; sourceTree = "<group>"; };
		C3A65807201B04E4009FCA6D /* Base */ = {isa = PBXFileReference; lastKnownFileType = file.storyboard; name = Base; path = Base.lproj/Main.storyboard; sourceTree = "<group>"; };
		C3A65809201B04E4009FCA6D /* Assets.xcassets */ = {isa = PBXFileReference; lastKnownFileType = folder.assetcatalog; path = Assets.xcassets; sourceTree = "<group>"; };
		C3A6580C201B04E4009FCA6D /* Base */ = {isa = PBXFileReference; lastKnownFileType = file.storyboard; name = Base; path = Base.lproj/LaunchScreen.storyboard; sourceTree = "<group>"; };
		C3A6580E201B04E4009FCA6D /* Info.plist */ = {isa = PBXFileReference; lastKnownFileType = text.plist.xml; path = Info.plist; sourceTree = "<group>"; };
		C3A65815201B051B009FCA6D /* Timer+Block.swift */ = {isa = PBXFileReference; fileEncoding = 4; lastKnownFileType = sourcecode.swift; path = "Timer+Block.swift"; sourceTree = "<group>"; };
		C3A65816201B051B009FCA6D /* UIControl+Action.swift */ = {isa = PBXFileReference; fileEncoding = 4; lastKnownFileType = sourcecode.swift; path = "UIControl+Action.swift"; sourceTree = "<group>"; };
		C3A6581B201B05E3009FCA6D /* Date+Format.swift */ = {isa = PBXFileReference; fileEncoding = 4; lastKnownFileType = sourcecode.swift; path = "Date+Format.swift"; sourceTree = "<group>"; };
		C3A6581D201B06B2009FCA6D /* UIColor+Hex.swift */ = {isa = PBXFileReference; lastKnownFileType = sourcecode.swift; path = "UIColor+Hex.swift"; sourceTree = "<group>"; };
		C3A6581F201B0A77009FCA6D /* UIImage+Circle.swift */ = {isa = PBXFileReference; lastKnownFileType = sourcecode.swift; path = "UIImage+Circle.swift"; sourceTree = "<group>"; };
		C3A65821201B0CCB009FCA6D /* UIView+Action.swift */ = {isa = PBXFileReference; lastKnownFileType = sourcecode.swift; path = "UIView+Action.swift"; sourceTree = "<group>"; };
		C3A65823201B0F88009FCA6D /* String+Chinese.swift */ = {isa = PBXFileReference; lastKnownFileType = sourcecode.swift; path = "String+Chinese.swift"; sourceTree = "<group>"; };
		C3A65825201B1A1E009FCA6D /* DemoViewController.swift */ = {isa = PBXFileReference; lastKnownFileType = sourcecode.swift; path = DemoViewController.swift; sourceTree = "<group>"; };
		C3A65828201B2257009FCA6D /* test.png */ = {isa = PBXFileReference; lastKnownFileType = image.png; path = test.png; sourceTree = "<group>"; };
		C3A6582A201B2398009FCA6D /* UIImage+Arrow.swift */ = {isa = PBXFileReference; fileEncoding = 4; lastKnownFileType = sourcecode.swift; path = "UIImage+Arrow.swift"; sourceTree = "<group>"; };
		C3A6582C201B2927009FCA6D /* test2.jpg */ = {isa = PBXFileReference; lastKnownFileType = image.jpeg; path = test2.jpg; sourceTree = "<group>"; };
		C3D08F892133DEE3009B1196 /* UITextFiled+ToolBar.swift */ = {isa = PBXFileReference; lastKnownFileType = sourcecode.swift; path = "UITextFiled+ToolBar.swift"; sourceTree = "<group>"; };
		E969C487B9154B9FC62FDFA9 /* Pods-FGToolKit.debug.xcconfig */ = {isa = PBXFileReference; includeInIndex = 1; lastKnownFileType = text.xcconfig; name = "Pods-FGToolKit.debug.xcconfig"; path = "Pods/Target Support Files/Pods-FGToolKit/Pods-FGToolKit.debug.xcconfig"; sourceTree = "<group>"; };
/* End PBXFileReference section */

/* Begin PBXFrameworksBuildPhase section */
		C3A657FC201B04E4009FCA6D /* Frameworks */ = {
			isa = PBXFrameworksBuildPhase;
			buildActionMask = 2147483647;
			files = (
				DCEAB001ED3D2F5750786169 /* Pods_FGToolKit.framework in Frameworks */,
			);
			runOnlyForDeploymentPostprocessing = 0;
		};
/* End PBXFrameworksBuildPhase section */

/* Begin PBXGroup section */
		0EC93017A346895043DC9692 /* Pods */ = {
			isa = PBXGroup;
			children = (
				E969C487B9154B9FC62FDFA9 /* Pods-FGToolKit.debug.xcconfig */,
				79AA4D58EC8474092A7AC2B5 /* Pods-FGToolKit.release.xcconfig */,
			);
			name = Pods;
			sourceTree = "<group>";
		};
		663FBA077804AA242B2386ED /* Frameworks */ = {
			isa = PBXGroup;
			children = (
				446B0A53B10AD54ECB765500 /* Pods_FGToolKit.framework */,
			);
			name = Frameworks;
			sourceTree = "<group>";
		};
		C3A657F6201B04E4009FCA6D = {
			isa = PBXGroup;
			children = (
				C3A65814201B0509009FCA6D /* lib */,
				C3A65801201B04E4009FCA6D /* FGToolKit */,
				C3A65827201B2243009FCA6D /* Source */,
				C3A65800201B04E4009FCA6D /* Products */,
				0EC93017A346895043DC9692 /* Pods */,
				663FBA077804AA242B2386ED /* Frameworks */,
			);
			sourceTree = "<group>";
		};
		C3A65800201B04E4009FCA6D /* Products */ = {
			isa = PBXGroup;
			children = (
				C3A657FF201B04E4009FCA6D /* FGToolKit.app */,
			);
			name = Products;
			sourceTree = "<group>";
		};
		C3A65801201B04E4009FCA6D /* FGToolKit */ = {
			isa = PBXGroup;
			children = (
				C3A65802201B04E4009FCA6D /* AppDelegate.swift */,
				C3A65804201B04E4009FCA6D /* ViewController.swift */,
				C3A65825201B1A1E009FCA6D /* DemoViewController.swift */,
				C3A65806201B04E4009FCA6D /* Main.storyboard */,
				C3A65809201B04E4009FCA6D /* Assets.xcassets */,
				C3A6580B201B04E4009FCA6D /* LaunchScreen.storyboard */,
				C3A6580E201B04E4009FCA6D /* Info.plist */,
			);
			path = FGToolKit;
			sourceTree = "<group>";
		};
		C3A65814201B0509009FCA6D /* lib */ = {
			isa = PBXGroup;
			children = (
				C3A65815201B051B009FCA6D /* Timer+Block.swift */,
				C3A65816201B051B009FCA6D /* UIControl+Action.swift */,
				C3A6582A201B2398009FCA6D /* UIImage+Arrow.swift */,
				C3A6581B201B05E3009FCA6D /* Date+Format.swift */,
				C3A6581D201B06B2009FCA6D /* UIColor+Hex.swift */,
				C3A6581F201B0A77009FCA6D /* UIImage+Circle.swift */,
				C3A65821201B0CCB009FCA6D /* UIView+Action.swift */,
				C3A65823201B0F88009FCA6D /* String+Chinese.swift */,
				C35C086A20624FCC00C31866 /* FGWebImage.swift */,
				C35C086D2062505700C31866 /* ImageCropView.swift */,
				C35C086C2062505700C31866 /* Maker.swift */,
				C3D08F892133DEE3009B1196 /* UITextFiled+ToolBar.swift */,
			);
			path = lib;
			sourceTree = "<group>";
		};
		C3A65827201B2243009FCA6D /* Source */ = {
			isa = PBXGroup;
			children = (
				C3A6582C201B2927009FCA6D /* test2.jpg */,
				C3A65828201B2257009FCA6D /* test.png */,
				C35C0870206253E100C31866 /* skate.jpg */,
			);
			path = Source;
			sourceTree = "<group>";
		};
/* End PBXGroup section */

/* Begin PBXNativeTarget section */
		C3A657FE201B04E4009FCA6D /* FGToolKit */ = {
			isa = PBXNativeTarget;
			buildConfigurationList = C3A65811201B04E4009FCA6D /* Build configuration list for PBXNativeTarget "FGToolKit" */;
			buildPhases = (
				813768F257EA176885311135 /* [CP] Check Pods Manifest.lock */,
				C3A657FB201B04E4009FCA6D /* Sources */,
				C3A657FC201B04E4009FCA6D /* Frameworks */,
				C3A657FD201B04E4009FCA6D /* Resources */,
				62AB64F80C1BE33034B74DE3 /* [CP] Embed Pods Frameworks */,
				B8D7ABCEF53CEF949CEC6029 /* [CP] Copy Pods Resources */,
			);
			buildRules = (
			);
			dependencies = (
			);
			name = FGToolKit;
			productName = FGToolKit;
			productReference = C3A657FF201B04E4009FCA6D /* FGToolKit.app */;
			productType = "com.apple.product-type.application";
		};
/* End PBXNativeTarget section */

/* Begin PBXProject section */
		C3A657F7201B04E4009FCA6D /* Project object */ = {
			isa = PBXProject;
			attributes = {
				LastSwiftUpdateCheck = 0910;
				LastUpgradeCheck = 0910;
				ORGANIZATIONNAME = xgf;
				TargetAttributes = {
					C3A657FE201B04E4009FCA6D = {
						CreatedOnToolsVersion = 9.1;
						ProvisioningStyle = Automatic;
					};
				};
			};
			buildConfigurationList = C3A657FA201B04E4009FCA6D /* Build configuration list for PBXProject "FGToolKit" */;
			compatibilityVersion = "Xcode 8.0";
			developmentRegion = en;
			hasScannedForEncodings = 0;
			knownRegions = (
				en,
				Base,
			);
			mainGroup = C3A657F6201B04E4009FCA6D;
			productRefGroup = C3A65800201B04E4009FCA6D /* Products */;
			projectDirPath = "";
			projectRoot = "";
			targets = (
				C3A657FE201B04E4009FCA6D /* FGToolKit */,
			);
		};
/* End PBXProject section */

/* Begin PBXResourcesBuildPhase section */
		C3A657FD201B04E4009FCA6D /* Resources */ = {
			isa = PBXResourcesBuildPhase;
			buildActionMask = 2147483647;
			files = (
				C3A6580D201B04E4009FCA6D /* LaunchScreen.storyboard in Resources */,
				C3A6582D201B2927009FCA6D /* test2.jpg in Resources */,
				C3A6580A201B04E4009FCA6D /* Assets.xcassets in Resources */,
				C3A65808201B04E4009FCA6D /* Main.storyboard in Resources */,
				C35C0871206253E100C31866 /* skate.jpg in Resources */,
				C3A65829201B2257009FCA6D /* test.png in Resources */,
			);
			runOnlyForDeploymentPostprocessing = 0;
		};
/* End PBXResourcesBuildPhase section */

/* Begin PBXShellScriptBuildPhase section */
		62AB64F80C1BE33034B74DE3 /* [CP] Embed Pods Frameworks */ = {
			isa = PBXShellScriptBuildPhase;
			buildActionMask = 2147483647;
			files = (
			);
			inputPaths = (
				"${SRCROOT}/Pods/Target Support Files/Pods-FGToolKit/Pods-FGToolKit-frameworks.sh",
				"${BUILT_PRODUCTS_DIR}/SnapKit/SnapKit.framework",
			);
			name = "[CP] Embed Pods Frameworks";
			outputPaths = (
				"${TARGET_BUILD_DIR}/${FRAMEWORKS_FOLDER_PATH}/SnapKit.framework",
			);
			runOnlyForDeploymentPostprocessing = 0;
			shellPath = /bin/sh;
			shellScript = "\"${SRCROOT}/Pods/Target Support Files/Pods-FGToolKit/Pods-FGToolKit-frameworks.sh\"\n";
			showEnvVarsInLog = 0;
		};
		813768F257EA176885311135 /* [CP] Check Pods Manifest.lock */ = {
			isa = PBXShellScriptBuildPhase;
			buildActionMask = 2147483647;
			files = (
			);
			inputPaths = (
				"${PODS_PODFILE_DIR_PATH}/Podfile.lock",
				"${PODS_ROOT}/Manifest.lock",
			);
			name = "[CP] Check Pods Manifest.lock";
			outputPaths = (
				"$(DERIVED_FILE_DIR)/Pods-FGToolKit-checkManifestLockResult.txt",
			);
			runOnlyForDeploymentPostprocessing = 0;
			shellPath = /bin/sh;
			shellScript = "diff \"${PODS_PODFILE_DIR_PATH}/Podfile.lock\" \"${PODS_ROOT}/Manifest.lock\" > /dev/null\nif [ $? != 0 ] ; then\n    # print error to STDERR\n    echo \"error: The sandbox is not in sync with the Podfile.lock. Run 'pod install' or update your CocoaPods installation.\" >&2\n    exit 1\nfi\n# This output is used by Xcode 'outputs' to avoid re-running this script phase.\necho \"SUCCESS\" > \"${SCRIPT_OUTPUT_FILE_0}\"\n";
			showEnvVarsInLog = 0;
		};
		B8D7ABCEF53CEF949CEC6029 /* [CP] Copy Pods Resources */ = {
			isa = PBXShellScriptBuildPhase;
			buildActionMask = 2147483647;
			files = (
			);
			inputPaths = (
			);
			name = "[CP] Copy Pods Resources";
			outputPaths = (
			);
			runOnlyForDeploymentPostprocessing = 0;
			shellPath = /bin/sh;
			shellScript = "\"${SRCROOT}/Pods/Target Support Files/Pods-FGToolKit/Pods-FGToolKit-resources.sh\"\n";
			showEnvVarsInLog = 0;
		};
/* End PBXShellScriptBuildPhase section */

/* Begin PBXSourcesBuildPhase section */
		C3A657FB201B04E4009FCA6D /* Sources */ = {
			isa = PBXSourcesBuildPhase;
			buildActionMask = 2147483647;
			files = (
				C3A6581E201B06B2009FCA6D /* UIColor+Hex.swift in Sources */,
				C3A65822201B0CCB009FCA6D /* UIView+Action.swift in Sources */,
				C3A6581C201B05E3009FCA6D /* Date+Format.swift in Sources */,
				C3A6582B201B2398009FCA6D /* UIImage+Arrow.swift in Sources */,
				C3A65817201B051B009FCA6D /* Timer+Block.swift in Sources */,
				C35C086B20624FCC00C31866 /* FGWebImage.swift in Sources */,
				C3A65824201B0F88009FCA6D /* String+Chinese.swift in Sources */,
				C3A65826201B1A1E009FCA6D /* DemoViewController.swift in Sources */,
				C3A65818201B051B009FCA6D /* UIControl+Action.swift in Sources */,
				C3A65820201B0A77009FCA6D /* UIImage+Circle.swift in Sources */,
				C35C086E2062505700C31866 /* Maker.swift in Sources */,
				C3A65805201B04E4009FCA6D /* ViewController.swift in Sources */,
				C35C086F2062505700C31866 /* ImageCropView.swift in Sources */,
				C3A65803201B04E4009FCA6D /* AppDelegate.swift in Sources */,
				C3D08F8A2133DEE3009B1196 /* UITextFiled+ToolBar.swift in Sources */,
			);
			runOnlyForDeploymentPostprocessing = 0;
		};
/* End PBXSourcesBuildPhase section */

/* Begin PBXVariantGroup section */
		C3A65806201B04E4009FCA6D /* Main.storyboard */ = {
			isa = PBXVariantGroup;
			children = (
				C3A65807201B04E4009FCA6D /* Base */,
			);
			name = Main.storyboard;
			sourceTree = "<group>";
		};
		C3A6580B201B04E4009FCA6D /* LaunchScreen.storyboard */ = {
			isa = PBXVariantGroup;
			children = (
				C3A6580C201B04E4009FCA6D /* Base */,
			);
			name = LaunchScreen.storyboard;
			sourceTree = "<group>";
		};
/* End PBXVariantGroup section */

/* Begin XCBuildConfiguration section */
		C3A6580F201B04E4009FCA6D /* Debug */ = {
			isa = XCBuildConfiguration;
			buildSettings = {
				ALWAYS_SEARCH_USER_PATHS = NO;
				CLANG_ANALYZER_NONNULL = YES;
				CLANG_ANALYZER_NUMBER_OBJECT_CONVERSION = YES_AGGRESSIVE;
				CLANG_CXX_LANGUAGE_STANDARD = "gnu++14";
				CLANG_CXX_LIBRARY = "libc++";
				CLANG_ENABLE_MODULES = YES;
				CLANG_ENABLE_OBJC_ARC = YES;
				CLANG_WARN_BLOCK_CAPTURE_AUTORELEASING = YES;
				CLANG_WARN_BOOL_CONVERSION = YES;
				CLANG_WARN_COMMA = YES;
				CLANG_WARN_CONSTANT_CONVERSION = YES;
				CLANG_WARN_DIRECT_OBJC_ISA_USAGE = YES_ERROR;
				CLANG_WARN_DOCUMENTATION_COMMENTS = YES;
				CLANG_WARN_EMPTY_BODY = YES;
				CLANG_WARN_ENUM_CONVERSION = YES;
				CLANG_WARN_INFINITE_RECURSION = YES;
				CLANG_WARN_INT_CONVERSION = YES;
				CLANG_WARN_NON_LITERAL_NULL_CONVERSION = YES;
				CLANG_WARN_OBJC_LITERAL_CONVERSION = YES;
				CLANG_WARN_OBJC_ROOT_CLASS = YES_ERROR;
				CLANG_WARN_RANGE_LOOP_ANALYSIS = YES;
				CLANG_WARN_STRICT_PROTOTYPES = YES;
				CLANG_WARN_SUSPICIOUS_MOVE = YES;
				CLANG_WARN_UNGUARDED_AVAILABILITY = YES_AGGRESSIVE;
				CLANG_WARN_UNREACHABLE_CODE = YES;
				CLANG_WARN__DUPLICATE_METHOD_MATCH = YES;
				CODE_SIGN_IDENTITY = "iPhone Developer";
				COPY_PHASE_STRIP = NO;
				DEBUG_INFORMATION_FORMAT = dwarf;
				ENABLE_STRICT_OBJC_MSGSEND = YES;
				ENABLE_TESTABILITY = YES;
				GCC_C_LANGUAGE_STANDARD = gnu11;
				GCC_DYNAMIC_NO_PIC = NO;
				GCC_NO_COMMON_BLOCKS = YES;
				GCC_OPTIMIZATION_LEVEL = 0;
				GCC_PREPROCESSOR_DEFINITIONS = (
					"DEBUG=1",
					"$(inherited)",
				);
				GCC_WARN_64_TO_32_BIT_CONVERSION = YES;
				GCC_WARN_ABOUT_RETURN_TYPE = YES_ERROR;
				GCC_WARN_UNDECLARED_SELECTOR = YES;
				GCC_WARN_UNINITIALIZED_AUTOS = YES_AGGRESSIVE;
				GCC_WARN_UNUSED_FUNCTION = YES;
				GCC_WARN_UNUSED_VARIABLE = YES;
				IPHONEOS_DEPLOYMENT_TARGET = 11.1;
				MTL_ENABLE_DEBUG_INFO = YES;
				ONLY_ACTIVE_ARCH = YES;
				SDKROOT = iphoneos;
				SWIFT_ACTIVE_COMPILATION_CONDITIONS = DEBUG;
				SWIFT_OPTIMIZATION_LEVEL = "-Onone";
			};
			name = Debug;
		};
		C3A65810201B04E4009FCA6D /* Release */ = {
			isa = XCBuildConfiguration;
			buildSettings = {
				ALWAYS_SEARCH_USER_PATHS = NO;
				CLANG_ANALYZER_NONNULL = YES;
				CLANG_ANALYZER_NUMBER_OBJECT_CONVERSION = YES_AGGRESSIVE;
				CLANG_CXX_LANGUAGE_STANDARD = "gnu++14";
				CLANG_CXX_LIBRARY = "libc++";
				CLANG_ENABLE_MODULES = YES;
				CLANG_ENABLE_OBJC_ARC = YES;
				CLANG_WARN_BLOCK_CAPTURE_AUTORELEASING = YES;
				CLANG_WARN_BOOL_CONVERSION = YES;
				CLANG_WARN_COMMA = YES;
				CLANG_WARN_CONSTANT_CONVERSION = YES;
				CLANG_WARN_DIRECT_OBJC_ISA_USAGE = YES_ERROR;
				CLANG_WARN_DOCUMENTATION_COMMENTS = YES;
				CLANG_WARN_EMPTY_BODY = YES;
				CLANG_WARN_ENUM_CONVERSION = YES;
				CLANG_WARN_INFINITE_RECURSION = YES;
				CLANG_WARN_INT_CONVERSION = YES;
				CLANG_WARN_NON_LITERAL_NULL_CONVERSION = YES;
				CLANG_WARN_OBJC_LITERAL_CONVERSION = YES;
				CLANG_WARN_OBJC_ROOT_CLASS = YES_ERROR;
				CLANG_WARN_RANGE_LOOP_ANALYSIS = YES;
				CLANG_WARN_STRICT_PROTOTYPES = YES;
				CLANG_WARN_SUSPICIOUS_MOVE = YES;
				CLANG_WARN_UNGUARDED_AVAILABILITY = YES_AGGRESSIVE;
				CLANG_WARN_UNREACHABLE_CODE = YES;
				CLANG_WARN__DUPLICATE_METHOD_MATCH = YES;
				CODE_SIGN_IDENTITY = "iPhone Developer";
				COPY_PHASE_STRIP = NO;
				DEBUG_INFORMATION_FORMAT = "dwarf-with-dsym";
				ENABLE_NS_ASSERTIONS = NO;
				ENABLE_STRICT_OBJC_MSGSEND = YES;
				GCC_C_LANGUAGE_STANDARD = gnu11;
				GCC_NO_COMMON_BLOCKS = YES;
				GCC_WARN_64_TO_32_BIT_CONVERSION = YES;
				GCC_WARN_ABOUT_RETURN_TYPE = YES_ERROR;
				GCC_WARN_UNDECLARED_SELECTOR = YES;
				GCC_WARN_UNINITIALIZED_AUTOS = YES_AGGRESSIVE;
				GCC_WARN_UNUSED_FUNCTION = YES;
				GCC_WARN_UNUSED_VARIABLE = YES;
				IPHONEOS_DEPLOYMENT_TARGET = 11.1;
				MTL_ENABLE_DEBUG_INFO = NO;
				SDKROOT = iphoneos;
				SWIFT_OPTIMIZATION_LEVEL = "-Owholemodule";
				VALIDATE_PRODUCT = YES;
			};
			name = Release;
		};
		C3A65812201B04E4009FCA6D /* Debug */ = {
			isa = XCBuildConfiguration;
			baseConfigurationReference = E969C487B9154B9FC62FDFA9 /* Pods-FGToolKit.debug.xcconfig */;
			buildSettings = {
				ASSETCATALOG_COMPILER_APPICON_NAME = AppIcon;
				CODE_SIGN_STYLE = Automatic;
				INFOPLIST_FILE = FGToolKit/Info.plist;
				LD_RUNPATH_SEARCH_PATHS = "$(inherited) @executable_path/Frameworks";
				PRODUCT_BUNDLE_IDENTIFIER = com.sencent.FGToolKit;
				PRODUCT_NAME = "$(TARGET_NAME)";
				SWIFT_VERSION = 4.0;
				TARGETED_DEVICE_FAMILY = "1,2";
			};
			name = Debug;
		};
		C3A65813201B04E4009FCA6D /* Release */ = {
			isa = XCBuildConfiguration;
			baseConfigurationReference = 79AA4D58EC8474092A7AC2B5 /* Pods-FGToolKit.release.xcconfig */;
			buildSettings = {
				ASSETCATALOG_COMPILER_APPICON_NAME = AppIcon;
				CODE_SIGN_STYLE = Automatic;
				INFOPLIST_FILE = FGToolKit/Info.plist;
				LD_RUNPATH_SEARCH_PATHS = "$(inherited) @executable_path/Frameworks";
				PRODUCT_BUNDLE_IDENTIFIER = com.sencent.FGToolKit;
				PRODUCT_NAME = "$(TARGET_NAME)";
				SWIFT_VERSION = 4.0;
				TARGETED_DEVICE_FAMILY = "1,2";
			};
			name = Release;
		};
/* End XCBuildConfiguration section */

/* Begin XCConfigurationList section */
		C3A657FA201B04E4009FCA6D /* Build configuration list for PBXProject "FGToolKit" */ = {
			isa = XCConfigurationList;
			buildConfigurations = (
				C3A6580F201B04E4009FCA6D /* Debug */,
				C3A65810201B04E4009FCA6D /* Release */,
			);
			defaultConfigurationIsVisible = 0;
			defaultConfigurationName = Release;
		};
		C3A65811201B04E4009FCA6D /* Build configuration list for PBXNativeTarget "FGToolKit" */ = {
			isa = XCConfigurationList;
			buildConfigurations = (
				C3A65812201B04E4009FCA6D /* Debug */,
				C3A65813201B04E4009FCA6D /* Release */,
			);
			defaultConfigurationIsVisible = 0;
			defaultConfigurationName = Release;
		};
/* End XCConfigurationList section */
	};
	rootObject = C3A657F7201B04E4009FCA6D /* Project object */;
}
